// !$*UTF8*$!
{
	archiveVersion = 1;
	classes = {
	};
	objectVersion = 46;
	objects = {

/* Begin PBXBuildFile section */
		34D6FA3B08AE21D4EBE2179C /* Pods_YellowLineIsGood.framework in Frameworks */ = {isa = PBXBuildFile; fileRef = 8E1FA48A1D62D867E1D4DC51 /* Pods_YellowLineIsGood.framework */; };
		D02FC0321E69719E00CAFD9C /* YellowLineData.swift in Sources */ = {isa = PBXBuildFile; fileRef = D02FC0311E69719E00CAFD9C /* YellowLineData.swift */; };
		D031D6EA1E71977400E617A3 /* DateManager.swift in Sources */ = {isa = PBXBuildFile; fileRef = D031D6E91E71977400E617A3 /* DateManager.swift */; };
		D03337EC1E76E72C0096EA61 /* SearchResultTableController.swift in Sources */ = {isa = PBXBuildFile; fileRef = D03337EB1E76E72C0096EA61 /* SearchResultTableController.swift */; };
		D03800CB1E783D55005B0AD6 /* GooglePlaceApi.swift in Sources */ = {isa = PBXBuildFile; fileRef = D03800CA1E783D54005B0AD6 /* GooglePlaceApi.swift */; };
		D0493EF01E58522800596D4E /* AppDelegate.swift in Sources */ = {isa = PBXBuildFile; fileRef = D0493EEF1E58522800596D4E /* AppDelegate.swift */; };
		D0493EF21E58522800596D4E /* MapViewController.swift in Sources */ = {isa = PBXBuildFile; fileRef = D0493EF11E58522800596D4E /* MapViewController.swift */; };
		D0493EF51E58522800596D4E /* Main.storyboard in Resources */ = {isa = PBXBuildFile; fileRef = D0493EF31E58522800596D4E /* Main.storyboard */; };
		D0493EF71E58522800596D4E /* Assets.xcassets in Resources */ = {isa = PBXBuildFile; fileRef = D0493EF61E58522800596D4E /* Assets.xcassets */; };
		D0493EFA1E58522800596D4E /* LaunchScreen.storyboard in Resources */ = {isa = PBXBuildFile; fileRef = D0493EF81E58522800596D4E /* LaunchScreen.storyboard */; };
		D0CA89B61E6D0A2E00AE7EAA /* GoogleMapDirectionPolyline.swift in Sources */ = {isa = PBXBuildFile; fileRef = D0CA89B51E6D0A2E00AE7EAA /* GoogleMapDirectionPolyline.swift */; };
		D0DE18931E65777300655FFC /* DrawSpecificView.swift in Sources */ = {isa = PBXBuildFile; fileRef = D0DE18921E65777300655FFC /* DrawSpecificView.swift */; };
/* End PBXBuildFile section */

/* Begin PBXFileReference section */
		0FA0550C31C6E7505124A622 /* Pods-YellowLineIsGood.debug.xcconfig */ = {isa = PBXFileReference; includeInIndex = 1; lastKnownFileType = text.xcconfig; name = "Pods-YellowLineIsGood.debug.xcconfig"; path = "Pods/Target Support Files/Pods-YellowLineIsGood/Pods-YellowLineIsGood.debug.xcconfig"; sourceTree = "<group>"; };
		4BFDF0FE61620629B1E1FCBD /* Pods-YellowLineIsGood.release.xcconfig */ = {isa = PBXFileReference; includeInIndex = 1; lastKnownFileType = text.xcconfig; name = "Pods-YellowLineIsGood.release.xcconfig"; path = "Pods/Target Support Files/Pods-YellowLineIsGood/Pods-YellowLineIsGood.release.xcconfig"; sourceTree = "<group>"; };
		8E1FA48A1D62D867E1D4DC51 /* Pods_YellowLineIsGood.framework */ = {isa = PBXFileReference; explicitFileType = wrapper.framework; includeInIndex = 0; path = Pods_YellowLineIsGood.framework; sourceTree = BUILT_PRODUCTS_DIR; };
		D02FC0311E69719E00CAFD9C /* YellowLineData.swift */ = {isa = PBXFileReference; fileEncoding = 4; lastKnownFileType = sourcecode.swift; path = YellowLineData.swift; sourceTree = "<group>"; };
		D031D6E91E71977400E617A3 /* DateManager.swift */ = {isa = PBXFileReference; fileEncoding = 4; lastKnownFileType = sourcecode.swift; path = DateManager.swift; sourceTree = "<group>"; };
		D03337EB1E76E72C0096EA61 /* SearchResultTableController.swift */ = {isa = PBXFileReference; fileEncoding = 4; lastKnownFileType = sourcecode.swift; name = SearchResultTableController.swift; path = ../SearchResultTableController.swift; sourceTree = "<group>"; };
		D0333A021E6EA1B30047973E /* MyPlayground.playground */ = {isa = PBXFileReference; lastKnownFileType = file.playground; path = MyPlayground.playground; sourceTree = "<group>"; };
		D03800CA1E783D54005B0AD6 /* GooglePlaceApi.swift */ = {isa = PBXFileReference; fileEncoding = 4; lastKnownFileType = sourcecode.swift; path = GooglePlaceApi.swift; sourceTree = "<group>"; };
		D0493EEC1E58522800596D4E /* YellowLineIsGood.app */ = {isa = PBXFileReference; explicitFileType = wrapper.application; includeInIndex = 0; path = YellowLineIsGood.app; sourceTree = BUILT_PRODUCTS_DIR; };
		D0493EEF1E58522800596D4E /* AppDelegate.swift */ = {isa = PBXFileReference; lastKnownFileType = sourcecode.swift; path = AppDelegate.swift; sourceTree = "<group>"; };
		D0493EF11E58522800596D4E /* MapViewController.swift */ = {isa = PBXFileReference; lastKnownFileType = sourcecode.swift; path = MapViewController.swift; sourceTree = "<group>"; };
		D0493EF41E58522800596D4E /* Base */ = {isa = PBXFileReference; lastKnownFileType = file.storyboard; name = Base; path = Base.lproj/Main.storyboard; sourceTree = "<group>"; };
		D0493EF61E58522800596D4E /* Assets.xcassets */ = {isa = PBXFileReference; lastKnownFileType = folder.assetcatalog; path = Assets.xcassets; sourceTree = "<group>"; };
		D0493EF91E58522800596D4E /* Base */ = {isa = PBXFileReference; lastKnownFileType = file.storyboard; name = Base; path = Base.lproj/LaunchScreen.storyboard; sourceTree = "<group>"; };
		D0493EFB1E58522800596D4E /* Info.plist */ = {isa = PBXFileReference; lastKnownFileType = text.plist.xml; path = Info.plist; sourceTree = "<group>"; };
		D0CA89B51E6D0A2E00AE7EAA /* GoogleMapDirectionPolyline.swift */ = {isa = PBXFileReference; fileEncoding = 4; lastKnownFileType = sourcecode.swift; path = GoogleMapDirectionPolyline.swift; sourceTree = "<group>"; };
		D0DE18921E65777300655FFC /* DrawSpecificView.swift */ = {isa = PBXFileReference; fileEncoding = 4; lastKnownFileType = sourcecode.swift; path = DrawSpecificView.swift; sourceTree = "<group>"; };
/* End PBXFileReference section */

/* Begin PBXFrameworksBuildPhase section */
		D0493EE91E58522800596D4E /* Frameworks */ = {
			isa = PBXFrameworksBuildPhase;
			buildActionMask = 2147483647;
			files = (
				34D6FA3B08AE21D4EBE2179C /* Pods_YellowLineIsGood.framework in Frameworks */,
			);
			runOnlyForDeploymentPostprocessing = 0;
		};
/* End PBXFrameworksBuildPhase section */

/* Begin PBXGroup section */
		8824C199F2DAA071CAEC736F /* Frameworks */ = {
			isa = PBXGroup;
			children = (
				8E1FA48A1D62D867E1D4DC51 /* Pods_YellowLineIsGood.framework */,
			);
			name = Frameworks;
			sourceTree = "<group>";
		};
		D0493EE31E58522800596D4E = {
			isa = PBXGroup;
			children = (
				D0493EEE1E58522800596D4E /* YellowLineIsGood */,
				D0493EED1E58522800596D4E /* Products */,
				E4EA449C0B35312A51460E9E /* Pods */,
				8824C199F2DAA071CAEC736F /* Frameworks */,
			);
			sourceTree = "<group>";
		};
		D0493EED1E58522800596D4E /* Products */ = {
			isa = PBXGroup;
			children = (
				D0493EEC1E58522800596D4E /* YellowLineIsGood.app */,
			);
			name = Products;
			sourceTree = "<group>";
		};
		D0493EEE1E58522800596D4E /* YellowLineIsGood */ = {
			isa = PBXGroup;
			children = (
				D0493EEF1E58522800596D4E /* AppDelegate.swift */,
				D0DE18921E65777300655FFC /* DrawSpecificView.swift */,
				D0493EF11E58522800596D4E /* MapViewController.swift */,
				D03337EB1E76E72C0096EA61 /* SearchResultTableController.swift */,
				D0493EF31E58522800596D4E /* Main.storyboard */,
				D0493EF61E58522800596D4E /* Assets.xcassets */,
				D0493EF81E58522800596D4E /* LaunchScreen.storyboard */,
				D0493EFB1E58522800596D4E /* Info.plist */,
				D02FC0311E69719E00CAFD9C /* YellowLineData.swift */,
				D0CA89B51E6D0A2E00AE7EAA /* GoogleMapDirectionPolyline.swift */,
				D03800CA1E783D54005B0AD6 /* GooglePlaceApi.swift */,
				D031D6E91E71977400E617A3 /* DateManager.swift */,
				D0333A021E6EA1B30047973E /* MyPlayground.playground */,
			);
			path = YellowLineIsGood;
			sourceTree = "<group>";
		};
		E4EA449C0B35312A51460E9E /* Pods */ = {
			isa = PBXGroup;
			children = (
				0FA0550C31C6E7505124A622 /* Pods-YellowLineIsGood.debug.xcconfig */,
				4BFDF0FE61620629B1E1FCBD /* Pods-YellowLineIsGood.release.xcconfig */,
			);
			name = Pods;
			sourceTree = "<group>";
		};
/* End PBXGroup section */

/* Begin PBXNativeTarget section */
		D0493EEB1E58522800596D4E /* YellowLineIsGood */ = {
			isa = PBXNativeTarget;
			buildConfigurationList = D0493EFE1E58522800596D4E /* Build configuration list for PBXNativeTarget "YellowLineIsGood" */;
			buildPhases = (
				5EFBB9D3043D0BBB8D9CAECC /* [CP] Check Pods Manifest.lock */,
				D0493EE81E58522800596D4E /* Sources */,
				D0493EE91E58522800596D4E /* Frameworks */,
				D0493EEA1E58522800596D4E /* Resources */,
				0EB46FD6397C2E317E760C12 /* [CP] Embed Pods Frameworks */,
				FAC8464C8A6054FB3B26AA06 /* [CP] Copy Pods Resources */,
			);
			buildRules = (
			);
			dependencies = (
			);
			name = YellowLineIsGood;
			productName = YellowLineIsGood;
			productReference = D0493EEC1E58522800596D4E /* YellowLineIsGood.app */;
			productType = "com.apple.product-type.application";
		};
/* End PBXNativeTarget section */

/* Begin PBXProject section */
		D0493EE41E58522800596D4E /* Project object */ = {
			isa = PBXProject;
			attributes = {
				LastSwiftUpdateCheck = 0820;
				LastUpgradeCheck = 0820;
				ORGANIZATIONNAME = "Justin Huang";
				TargetAttributes = {
					D0493EEB1E58522800596D4E = {
						CreatedOnToolsVersion = 8.2.1;
						DevelopmentTeam = 6J8V4A532L;
						ProvisioningStyle = Automatic;
					};
				};
			};
			buildConfigurationList = D0493EE71E58522800596D4E /* Build configuration list for PBXProject "YellowLineIsGood" */;
			compatibilityVersion = "Xcode 3.2";
			developmentRegion = English;
			hasScannedForEncodings = 0;
			knownRegions = (
				en,
				Base,
			);
			mainGroup = D0493EE31E58522800596D4E;
			productRefGroup = D0493EED1E58522800596D4E /* Products */;
			projectDirPath = "";
			projectRoot = "";
			targets = (
				D0493EEB1E58522800596D4E /* YellowLineIsGood */,
			);
		};
/* End PBXProject section */

/* Begin PBXResourcesBuildPhase section */
		D0493EEA1E58522800596D4E /* Resources */ = {
			isa = PBXResourcesBuildPhase;
			buildActionMask = 2147483647;
			files = (
				D0493EFA1E58522800596D4E /* LaunchScreen.storyboard in Resources */,
				D0493EF71E58522800596D4E /* Assets.xcassets in Resources */,
				D0493EF51E58522800596D4E /* Main.storyboard in Resources */,
			);
			runOnlyForDeploymentPostprocessing = 0;
		};
/* End PBXResourcesBuildPhase section */

/* Begin PBXShellScriptBuildPhase section */
		0EB46FD6397C2E317E760C12 /* [CP] Embed Pods Frameworks */ = {
			isa = PBXShellScriptBuildPhase;
			buildActionMask = 2147483647;
			files = (
			);
			inputPaths = (
			);
			name = "[CP] Embed Pods Frameworks";
			outputPaths = (
			);
			runOnlyForDeploymentPostprocessing = 0;
			shellPath = /bin/sh;
			shellScript = "\"${SRCROOT}/Pods/Target Support Files/Pods-YellowLineIsGood/Pods-YellowLineIsGood-frameworks.sh\"\n";
			showEnvVarsInLog = 0;
		};
		5EFBB9D3043D0BBB8D9CAECC /* [CP] Check Pods Manifest.lock */ = {
			isa = PBXShellScriptBuildPhase;
			buildActionMask = 2147483647;
			files = (
			);
			inputPaths = (
			);
			name = "[CP] Check Pods Manifest.lock";
			outputPaths = (
			);
			runOnlyForDeploymentPostprocessing = 0;
			shellPath = /bin/sh;
			shellScript = "diff \"${PODS_ROOT}/../Podfile.lock\" \"${PODS_ROOT}/Manifest.lock\" > /dev/null\nif [ $? != 0 ] ; then\n    # print error to STDERR\n    echo \"error: The sandbox is not in sync with the Podfile.lock. Run 'pod install' or update your CocoaPods installation.\" >&2\n    exit 1\nfi\n";
			showEnvVarsInLog = 0;
		};
		FAC8464C8A6054FB3B26AA06 /* [CP] Copy Pods Resources */ = {
			isa = PBXShellScriptBuildPhase;
			buildActionMask = 2147483647;
			files = (
			);
			inputPaths = (
			);
			name = "[CP] Copy Pods Resources";
			outputPaths = (
			);
			runOnlyForDeploymentPostprocessing = 0;
			shellPath = /bin/sh;
			shellScript = "\"${SRCROOT}/Pods/Target Support Files/Pods-YellowLineIsGood/Pods-YellowLineIsGood-resources.sh\"\n";
			showEnvVarsInLog = 0;
		};
/* End PBXShellScriptBuildPhase section */

/* Begin PBXSourcesBuildPhase section */
		D0493EE81E58522800596D4E /* Sources */ = {
			isa = PBXSourcesBuildPhase;
			buildActionMask = 2147483647;
			files = (
				D03337EC1E76E72C0096EA61 /* SearchResultTableController.swift in Sources */,
				D02FC0321E69719E00CAFD9C /* YellowLineData.swift in Sources */,
				D031D6EA1E71977400E617A3 /* DateManager.swift in Sources */,
				D03800CB1E783D55005B0AD6 /* GooglePlaceApi.swift in Sources */,
				D0493EF21E58522800596D4E /* MapViewController.swift in Sources */,
				D0DE18931E65777300655FFC /* DrawSpecificView.swift in Sources */,
				D0493EF01E58522800596D4E /* AppDelegate.swift in Sources */,
				D0CA89B61E6D0A2E00AE7EAA /* GoogleMapDirectionPolyline.swift in Sources */,
			);
			runOnlyForDeploymentPostprocessing = 0;
		};
/* End PBXSourcesBuildPhase section */

/* Begin PBXVariantGroup section */
		D0493EF31E58522800596D4E /* Main.storyboard */ = {
			isa = PBXVariantGroup;
			children = (
				D0493EF41E58522800596D4E /* Base */,
			);
			name = Main.storyboard;
			sourceTree = "<group>";
		};
		D0493EF81E58522800596D4E /* LaunchScreen.storyboard */ = {
			isa = PBXVariantGroup;
			children = (
				D0493EF91E58522800596D4E /* Base */,
			);
			name = LaunchScreen.storyboard;
			sourceTree = "<group>";
		};
/* End PBXVariantGroup section */

/* Begin XCBuildConfiguration section */
		D0493EFC1E58522800596D4E /* Debug */ = {
			isa = XCBuildConfiguration;
			buildSettings = {
				ALWAYS_SEARCH_USER_PATHS = NO;
				CLANG_ANALYZER_NONNULL = YES;
				CLANG_CXX_LANGUAGE_STANDARD = "gnu++0x";
				CLANG_CXX_LIBRARY = "libc++";
				CLANG_ENABLE_MODULES = YES;
				CLANG_ENABLE_OBJC_ARC = YES;
				CLANG_WARN_BOOL_CONVERSION = YES;
				CLANG_WARN_CONSTANT_CONVERSION = YES;
				CLANG_WARN_DIRECT_OBJC_ISA_USAGE = YES_ERROR;
				CLANG_WARN_DOCUMENTATION_COMMENTS = YES;
				CLANG_WARN_EMPTY_BODY = YES;
				CLANG_WARN_ENUM_CONVERSION = YES;
				CLANG_WARN_INFINITE_RECURSION = YES;
				CLANG_WARN_INT_CONVERSION = YES;
				CLANG_WARN_OBJC_ROOT_CLASS = YES_ERROR;
				CLANG_WARN_SUSPICIOUS_MOVE = YES;
				CLANG_WARN_UNREACHABLE_CODE = YES;
				CLANG_WARN__DUPLICATE_METHOD_MATCH = YES;
				"CODE_SIGN_IDENTITY[sdk=iphoneos*]" = "iPhone Developer";
				COPY_PHASE_STRIP = NO;
				DEBUG_INFORMATION_FORMAT = dwarf;
				ENABLE_STRICT_OBJC_MSGSEND = YES;
				ENABLE_TESTABILITY = YES;
				GCC_C_LANGUAGE_STANDARD = gnu99;
				GCC_DYNAMIC_NO_PIC = NO;
				GCC_NO_COMMON_BLOCKS = YES;
				GCC_OPTIMIZATION_LEVEL = 0;
				GCC_PREPROCESSOR_DEFINITIONS = (
					"DEBUG=1",
					"$(inherited)",
				);
				GCC_WARN_64_TO_32_BIT_CONVERSION = YES;
				GCC_WARN_ABOUT_RETURN_TYPE = YES_ERROR;
				GCC_WARN_UNDECLARED_SELECTOR = YES;
				GCC_WARN_UNINITIALIZED_AUTOS = YES_AGGRESSIVE;
				GCC_WARN_UNUSED_FUNCTION = YES;
				GCC_WARN_UNUSED_VARIABLE = YES;
				IPHONEOS_DEPLOYMENT_TARGET = 9.3;
				MTL_ENABLE_DEBUG_INFO = YES;
				ONLY_ACTIVE_ARCH = YES;
				SDKROOT = iphoneos;
				SWIFT_ACTIVE_COMPILATION_CONDITIONS = DEBUG;
				SWIFT_OPTIMIZATION_LEVEL = "-Onone";
				TARGETED_DEVICE_FAMILY = "1,2";
			};
			name = Debug;
		};
		D0493EFD1E58522800596D4E /* Release */ = {
			isa = XCBuildConfiguration;
			buildSettings = {
				ALWAYS_SEARCH_USER_PATHS = NO;
				CLANG_ANALYZER_NONNULL = YES;
				CLANG_CXX_LANGUAGE_STANDARD = "gnu++0x";
				CLANG_CXX_LIBRARY = "libc++";
				CLANG_ENABLE_MODULES = YES;
				CLANG_ENABLE_OBJC_ARC = YES;
				CLANG_WARN_BOOL_CONVERSION = YES;
				CLANG_WARN_CONSTANT_CONVERSION = YES;
				CLANG_WARN_DIRECT_OBJC_ISA_USAGE = YES_ERROR;
				CLANG_WARN_DOCUMENTATION_COMMENTS = YES;
				CLANG_WARN_EMPTY_BODY = YES;
				CLANG_WARN_ENUM_CONVERSION = YES;
				CLANG_WARN_INFINITE_RECURSION = YES;
				CLANG_WARN_INT_CONVERSION = YES;
				CLANG_WARN_OBJC_ROOT_CLASS = YES_ERROR;
				CLANG_WARN_SUSPICIOUS_MOVE = YES;
				CLANG_WARN_UNREACHABLE_CODE = YES;
				CLANG_WARN__DUPLICATE_METHOD_MATCH = YES;
				"CODE_SIGN_IDENTITY[sdk=iphoneos*]" = "iPhone Developer";
				COPY_PHASE_STRIP = NO;
				DEBUG_INFORMATION_FORMAT = "dwarf-with-dsym";
				ENABLE_NS_ASSERTIONS = NO;
				ENABLE_STRICT_OBJC_MSGSEND = YES;
				GCC_C_LANGUAGE_STANDARD = gnu99;
				GCC_NO_COMMON_BLOCKS = YES;
				GCC_WARN_64_TO_32_BIT_CONVERSION = YES;
				GCC_WARN_ABOUT_RETURN_TYPE = YES_ERROR;
				GCC_WARN_UNDECLARED_SELECTOR = YES;
				GCC_WARN_UNINITIALIZED_AUTOS = YES_AGGRESSIVE;
				GCC_WARN_UNUSED_FUNCTION = YES;
				GCC_WARN_UNUSED_VARIABLE = YES;
				IPHONEOS_DEPLOYMENT_TARGET = 9.3;
				MTL_ENABLE_DEBUG_INFO = NO;
				SDKROOT = iphoneos;
				SWIFT_OPTIMIZATION_LEVEL = "-Owholemodule";
				TARGETED_DEVICE_FAMILY = "1,2";
				VALIDATE_PRODUCT = YES;
			};
			name = Release;
		};
		D0493EFF1E58522800596D4E /* Debug */ = {
			isa = XCBuildConfiguration;
			baseConfigurationReference = 0FA0550C31C6E7505124A622 /* Pods-YellowLineIsGood.debug.xcconfig */;
			buildSettings = {
				ALWAYS_EMBED_SWIFT_STANDARD_LIBRARIES = YES;
				ASSETCATALOG_COMPILER_APPICON_NAME = AppIcon;
				DEVELOPMENT_TEAM = 6J8V4A532L;
				INFOPLIST_FILE = YellowLineIsGood/Info.plist;
				LD_RUNPATH_SEARCH_PATHS = "$(inherited) @executable_path/Frameworks";
				PRODUCT_BUNDLE_IDENTIFIER = co.SeaFoodBonBon.YellowLineIsGood;
				PRODUCT_NAME = "$(TARGET_NAME)";
				SWIFT_VERSION = 3.0;
			};
			name = Debug;
		};
		D0493F001E58522800596D4E /* Release */ = {
			isa = XCBuildConfiguration;
			baseConfigurationReference = 4BFDF0FE61620629B1E1FCBD /* Pods-YellowLineIsGood.release.xcconfig */;
			buildSettings = {
				ALWAYS_EMBED_SWIFT_STANDARD_LIBRARIES = YES;
				ASSETCATALOG_COMPILER_APPICON_NAME = AppIcon;
				DEVELOPMENT_TEAM = 6J8V4A532L;
				INFOPLIST_FILE = YellowLineIsGood/Info.plist;
				LD_RUNPATH_SEARCH_PATHS = "$(inherited) @executable_path/Frameworks";
				PRODUCT_BUNDLE_IDENTIFIER = co.SeaFoodBonBon.YellowLineIsGood;
				PRODUCT_NAME = "$(TARGET_NAME)";
				SWIFT_VERSION = 3.0;
			};
			name = Release;
		};
/* End XCBuildConfiguration section */

/* Begin XCConfigurationList section */
		D0493EE71E58522800596D4E /* Build configuration list for PBXProject "YellowLineIsGood" */ = {
			isa = XCConfigurationList;
			buildConfigurations = (
				D0493EFC1E58522800596D4E /* Debug */,
				D0493EFD1E58522800596D4E /* Release */,
			);
			defaultConfigurationIsVisible = 0;
			defaultConfigurationName = Release;
		};
		D0493EFE1E58522800596D4E /* Build configuration list for PBXNativeTarget "YellowLineIsGood" */ = {
			isa = XCConfigurationList;
			buildConfigurations = (
				D0493EFF1E58522800596D4E /* Debug */,
				D0493F001E58522800596D4E /* Release */,
			);
			defaultConfigurationIsVisible = 0;
			defaultConfigurationName = Release;
		};
/* End XCConfigurationList section */
	};
	rootObject = D0493EE41E58522800596D4E /* Project object */;
}
